
Microsoft Visual Studio Solution File, Format Version 12.00
# Visual Studio Version 17
VisualStudioVersion = 17.11.35312.102
MinimumVisualStudioVersion = 10.0.40219.1
Project("{FAE04EC0-301F-11D3-BF4B-00C04F79EFBC}") = "AnanymousMethod", "AnanymousMethod.csproj", "{4C823C28-32FA-49AC-BB6E-A8EBCA12B188}"
EndProject
Global
	GlobalSection(SolutionConfigurationPlatforms) = preSolution
		Debug|Any CPU = Debug|Any CPU
		Release|Any CPU = Release|Any CPU
	EndGlobalSection
	GlobalSection(ProjectConfigurationPlatforms) = postSolution
		{4C823C28-32FA-49AC-BB6E-A8EBCA12B188}.Debug|Any CPU.ActiveCfg = Debug|Any CPU
		{4C823C28-32FA-49AC-BB6E-A8EBCA12B188}.Debug|Any CPU.Build.0 = Debug|Any CPU
		{4C823C28-32FA-49AC-BB6E-A8EBCA12B188}.Release|Any CPU.ActiveCfg = Release|Any CPU
		{4C823C28-32FA-49AC-BB6E-A8EBCA12B188}.Release|Any CPU.Build.0 = Release|Any CPU
	EndGlobalSection
	GlobalSection(SolutionProperties) = preSolution
		HideSolutionNode = FALSE
	EndGlobalSection
	GlobalSection(ExtensibilityGlobals) = postSolution
		SolutionGuid = {C0DA82CE-EE92-46BC-B1CD-7A842C9AE0EA}
	EndGlobalSection
EndGlobal
